
Microsoft Visual Studio Solution File, Format Version 12.00
# Visual Studio 15
VisualStudioVersion = 15.0.28307.421
MinimumVisualStudioVersion = 10.0.40219.1
Project("{FAE04EC0-301F-11D3-BF4B-00C04F79EFBC}") = "LabelPrinting", "LabelPrinting\LabelPrinting.csproj", "{D794950F-2E15-4BD9-B231-4BE38307A725}"
EndProject
Global
	GlobalSection(SolutionConfigurationPlatforms) = preSolution
		Debug|Any CPU = Debug|Any CPU
		Release|Any CPU = Release|Any CPU
	EndGlobalSection
	GlobalSection(ProjectConfigurationPlatforms) = postSolution
		{D794950F-2E15-4BD9-B231-4BE38307A725}.Debug|Any CPU.ActiveCfg = Debug|Any CPU
		{D794950F-2E15-4BD9-B231-4BE38307A725}.Debug|Any CPU.Build.0 = Debug|Any CPU
		{D794950F-2E15-4BD9-B231-4BE38307A725}.Release|Any CPU.ActiveCfg = Release|Any CPU
		{D794950F-2E15-4BD9-B231-4BE38307A725}.Release|Any CPU.Build.0 = Release|Any CPU
	EndGlobalSection
	GlobalSection(SolutionProperties) = preSolution
		HideSolutionNode = FALSE
	EndGlobalSection
	GlobalSection(ExtensibilityGlobals) = postSolution
		SolutionGuid = {674C6EE1-84B5-4045-9AFD-4EA1256BCECD}
	EndGlobalSection
EndGlobal
